
Microsoft Visual Studio Solution File, Format Version 12.00
# Visual Studio Version 17
VisualStudioVersion = 17.11.35327.3
MinimumVisualStudioVersion = 10.0.40219.1
Project("{FAE04EC0-301F-11D3-BF4B-00C04F79EFBC}") = "App3.Android", "App3\App3.Android\App3.Android.csproj", "{0863240A-3830-4B0F-A0C4-6D7D87C66C30}"
EndProject
Project("{FAE04EC0-301F-11D3-BF4B-00C04F79EFBC}") = "App3.iOS", "App3\App3.iOS\App3.iOS.csproj", "{5BEB67F3-38CC-4273-9B3E-CBFD953F5CA6}"
EndProject
Project("{FAE04EC0-301F-11D3-BF4B-00C04F79EFBC}") = "App3", "App3\App3\App3.csproj", "{5A87734C-4F5D-47D3-B83B-BD781E3D9A1B}"
EndProject
Global
	GlobalSection(SolutionConfigurationPlatforms) = preSolution
		Debug|Any CPU = Debug|Any CPU
		Debug|iPhone = Debug|iPhone
		Debug|iPhoneSimulator = Debug|iPhoneSimulator
		Release|Any CPU = Release|Any CPU
		Release|iPhone = Release|iPhone
		Release|iPhoneSimulator = Release|iPhoneSimulator
	EndGlobalSection
	GlobalSection(ProjectConfigurationPlatforms) = postSolution
		{0863240A-3830-4B0F-A0C4-6D7D87C66C30}.Debug|Any CPU.ActiveCfg = Debug|Any CPU
		{0863240A-3830-4B0F-A0C4-6D7D87C66C30}.Debug|Any CPU.Build.0 = Debug|Any CPU
		{0863240A-3830-4B0F-A0C4-6D7D87C66C30}.Debug|Any CPU.Deploy.0 = Debug|Any CPU
		{0863240A-3830-4B0F-A0C4-6D7D87C66C30}.Debug|iPhone.ActiveCfg = Debug|Any CPU
		{0863240A-3830-4B0F-A0C4-6D7D87C66C30}.Debug|iPhone.Build.0 = Debug|Any CPU
		{0863240A-3830-4B0F-A0C4-6D7D87C66C30}.Debug|iPhone.Deploy.0 = Debug|Any CPU
		{0863240A-3830-4B0F-A0C4-6D7D87C66C30}.Debug|iPhoneSimulator.ActiveCfg = Debug|Any CPU
		{0863240A-3830-4B0F-A0C4-6D7D87C66C30}.Debug|iPhoneSimulator.Build.0 = Debug|Any CPU
		{0863240A-3830-4B0F-A0C4-6D7D87C66C30}.Debug|iPhoneSimulator.Deploy.0 = Debug|Any CPU
		{0863240A-3830-4B0F-A0C4-6D7D87C66C30}.Release|Any CPU.ActiveCfg = Release|Any CPU
		{0863240A-3830-4B0F-A0C4-6D7D87C66C30}.Release|Any CPU.Build.0 = Release|Any CPU
		{0863240A-3830-4B0F-A0C4-6D7D87C66C30}.Release|Any CPU.Deploy.0 = Release|Any CPU
		{0863240A-3830-4B0F-A0C4-6D7D87C66C30}.Release|iPhone.ActiveCfg = Release|Any CPU
		{0863240A-3830-4B0F-A0C4-6D7D87C66C30}.Release|iPhone.Build.0 = Release|Any CPU
		{0863240A-3830-4B0F-A0C4-6D7D87C66C30}.Release|iPhone.Deploy.0 = Release|Any CPU
		{0863240A-3830-4B0F-A0C4-6D7D87C66C30}.Release|iPhoneSimulator.ActiveCfg = Release|Any CPU
		{0863240A-3830-4B0F-A0C4-6D7D87C66C30}.Release|iPhoneSimulator.Build.0 = Release|Any CPU
		{0863240A-3830-4B0F-A0C4-6D7D87C66C30}.Release|iPhoneSimulator.Deploy.0 = Release|Any CPU
		{5BEB67F3-38CC-4273-9B3E-CBFD953F5CA6}.Debug|Any CPU.ActiveCfg = Debug|iPhone
		{5BEB67F3-38CC-4273-9B3E-CBFD953F5CA6}.Debug|Any CPU.Build.0 = Debug|iPhone
		{5BEB67F3-38CC-4273-9B3E-CBFD953F5CA6}.Debug|Any CPU.Deploy.0 = Debug|iPhone
		{5BEB67F3-38CC-4273-9B3E-CBFD953F5CA6}.Debug|iPhone.ActiveCfg = Debug|iPhone
		{5BEB67F3-38CC-4273-9B3E-CBFD953F5CA6}.Debug|iPhone.Build.0 = Debug|iPhone
		{5BEB67F3-38CC-4273-9B3E-CBFD953F5CA6}.Debug|iPhone.Deploy.0 = Debug|iPhone
		{5BEB67F3-38CC-4273-9B3E-CBFD953F5CA6}.Debug|iPhoneSimulator.ActiveCfg = Debug|iPhoneSimulator
		{5BEB67F3-38CC-4273-9B3E-CBFD953F5CA6}.Debug|iPhoneSimulator.Build.0 = Debug|iPhoneSimulator
		{5BEB67F3-38CC-4273-9B3E-CBFD953F5CA6}.Debug|iPhoneSimulator.Deploy.0 = Debug|iPhoneSimulator
		{5BEB67F3-38CC-4273-9B3E-CBFD953F5CA6}.Release|Any CPU.ActiveCfg = Release|iPhoneSimulator
		{5BEB67F3-38CC-4273-9B3E-CBFD953F5CA6}.Release|Any CPU.Build.0 = Release|iPhoneSimulator
		{5BEB67F3-38CC-4273-9B3E-CBFD953F5CA6}.Release|Any CPU.Deploy.0 = Release|iPhoneSimulator
		{5BEB67F3-38CC-4273-9B3E-CBFD953F5CA6}.Release|iPhone.ActiveCfg = Release|iPhone
		{5BEB67F3-38CC-4273-9B3E-CBFD953F5CA6}.Release|iPhone.Build.0 = Release|iPhone
		{5BEB67F3-38CC-4273-9B3E-CBFD953F5CA6}.Release|iPhone.Deploy.0 = Release|iPhone
		{5BEB67F3-38CC-4273-9B3E-CBFD953F5CA6}.Release|iPhoneSimulator.ActiveCfg = Release|iPhoneSimulator
		{5BEB67F3-38CC-4273-9B3E-CBFD953F5CA6}.Release|iPhoneSimulator.Build.0 = Release|iPhoneSimulator
		{5BEB67F3-38CC-4273-9B3E-CBFD953F5CA6}.Release|iPhoneSimulator.Deploy.0 = Release|iPhoneSimulator
		{5A87734C-4F5D-47D3-B83B-BD781E3D9A1B}.Debug|Any CPU.ActiveCfg = Debug|Any CPU
		{5A87734C-4F5D-47D3-B83B-BD781E3D9A1B}.Debug|Any CPU.Build.0 = Debug|Any CPU
		{5A87734C-4F5D-47D3-B83B-BD781E3D9A1B}.Debug|Any CPU.Deploy.0 = Debug|Any CPU
		{5A87734C-4F5D-47D3-B83B-BD781E3D9A1B}.Debug|iPhone.ActiveCfg = Debug|Any CPU
		{5A87734C-4F5D-47D3-B83B-BD781E3D9A1B}.Debug|iPhone.Build.0 = Debug|Any CPU
		{5A87734C-4F5D-47D3-B83B-BD781E3D9A1B}.Debug|iPhone.Deploy.0 = Debug|Any CPU
		{5A87734C-4F5D-47D3-B83B-BD781E3D9A1B}.Debug|iPhoneSimulator.ActiveCfg = Debug|Any CPU
		{5A87734C-4F5D-47D3-B83B-BD781E3D9A1B}.Debug|iPhoneSimulator.Build.0 = Debug|Any CPU
		{5A87734C-4F5D-47D3-B83B-BD781E3D9A1B}.Debug|iPhoneSimulator.Deploy.0 = Debug|Any CPU
		{5A87734C-4F5D-47D3-B83B-BD781E3D9A1B}.Release|Any CPU.ActiveCfg = Release|Any CPU
		{5A87734C-4F5D-47D3-B83B-BD781E3D9A1B}.Release|Any CPU.Build.0 = Release|Any CPU
		{5A87734C-4F5D-47D3-B83B-BD781E3D9A1B}.Release|Any CPU.Deploy.0 = Release|Any CPU
		{5A87734C-4F5D-47D3-B83B-BD781E3D9A1B}.Release|iPhone.ActiveCfg = Release|Any CPU
		{5A87734C-4F5D-47D3-B83B-BD781E3D9A1B}.Release|iPhone.Build.0 = Release|Any CPU
		{5A87734C-4F5D-47D3-B83B-BD781E3D9A1B}.Release|iPhone.Deploy.0 = Release|Any CPU
		{5A87734C-4F5D-47D3-B83B-BD781E3D9A1B}.Release|iPhoneSimulator.ActiveCfg = Release|Any CPU
		{5A87734C-4F5D-47D3-B83B-BD781E3D9A1B}.Release|iPhoneSimulator.Build.0 = Release|Any CPU
		{5A87734C-4F5D-47D3-B83B-BD781E3D9A1B}.Release|iPhoneSimulator.Deploy.0 = Release|Any CPU
	EndGlobalSection
	GlobalSection(SolutionProperties) = preSolution
		HideSolutionNode = FALSE
	EndGlobalSection
	GlobalSection(ExtensibilityGlobals) = postSolution
		SolutionGuid = {822B9E1B-6FA7-4779-8CF8-C726D93E7741}
	EndGlobalSection
EndGlobal
